
Microsoft Visual Studio Solution File, Format Version 12.00
# Visual Studio Version 16
VisualStudioVersion = 16.0.31624.102
MinimumVisualStudioVersion = 10.0.40219.1
Project("{FAE04EC0-301F-11D3-BF4B-00C04F79EFBC}") = "homework4", "class4\homework4.csproj", "{55A8D3C6-7B64-4D67-BC14-218F0DCCA1C4}"
EndProject
Project("{FAE04EC0-301F-11D3-BF4B-00C04F79EFBC}") = "homeMet4", "home met4\homeMet4.csproj", "{5DF9D7EA-BCCF-4899-B825-A629AE4F2DEA}"
EndProject
Project("{FAE04EC0-301F-11D3-BF4B-00C04F79EFBC}") = "class4", "Home 4\class4.csproj", "{87D32972-219F-407D-9964-203B771EDC6E}"
EndProject
Global
	GlobalSection(SolutionConfigurationPlatforms) = preSolution
		Debug|Any CPU = Debug|Any CPU
		Release|Any CPU = Release|Any CPU
	EndGlobalSection
	GlobalSection(ProjectConfigurationPlatforms) = postSolution
		{55A8D3C6-7B64-4D67-BC14-218F0DCCA1C4}.Debug|Any CPU.ActiveCfg = Debug|Any CPU
		{55A8D3C6-7B64-4D67-BC14-218F0DCCA1C4}.Debug|Any CPU.Build.0 = Debug|Any CPU
		{55A8D3C6-7B64-4D67-BC14-218F0DCCA1C4}.Release|Any CPU.ActiveCfg = Release|Any CPU
		{55A8D3C6-7B64-4D67-BC14-218F0DCCA1C4}.Release|Any CPU.Build.0 = Release|Any CPU
		{5DF9D7EA-BCCF-4899-B825-A629AE4F2DEA}.Debug|Any CPU.ActiveCfg = Debug|Any CPU
		{5DF9D7EA-BCCF-4899-B825-A629AE4F2DEA}.Debug|Any CPU.Build.0 = Debug|Any CPU
		{5DF9D7EA-BCCF-4899-B825-A629AE4F2DEA}.Release|Any CPU.ActiveCfg = Release|Any CPU
		{5DF9D7EA-BCCF-4899-B825-A629AE4F2DEA}.Release|Any CPU.Build.0 = Release|Any CPU
		{87D32972-219F-407D-9964-203B771EDC6E}.Debug|Any CPU.ActiveCfg = Debug|Any CPU
		{87D32972-219F-407D-9964-203B771EDC6E}.Debug|Any CPU.Build.0 = Debug|Any CPU
		{87D32972-219F-407D-9964-203B771EDC6E}.Release|Any CPU.ActiveCfg = Release|Any CPU
		{87D32972-219F-407D-9964-203B771EDC6E}.Release|Any CPU.Build.0 = Release|Any CPU
	EndGlobalSection
	GlobalSection(SolutionProperties) = preSolution
		HideSolutionNode = FALSE
	EndGlobalSection
	GlobalSection(ExtensibilityGlobals) = postSolution
		SolutionGuid = {84F7E814-23C8-4ED4-9F8F-3ED1AE847F16}
	EndGlobalSection
EndGlobal
